
Microsoft Visual Studio Solution File, Format Version 11.00
# Visual Studio 2010
Project("{FAE04EC0-301F-11D3-BF4B-00C04F79EFBC}") = "AOP.Console", "AOP.Console\AOP.Console.csproj", "{D353A268-D8D7-4539-8CCE-7A10EFD0245D}"
EndProject
Project("{FAE04EC0-301F-11D3-BF4B-00C04F79EFBC}") = "AOP.Common", "AOP.Common\AOP.Common.csproj", "{F80C0BE2-7718-46DA-99CB-40A246A720E9}"
EndProject
Global
	GlobalSection(SolutionConfigurationPlatforms) = preSolution
		Debug|Any CPU = Debug|Any CPU
		Release|Any CPU = Release|Any CPU
	EndGlobalSection
	GlobalSection(ProjectConfigurationPlatforms) = postSolution
		{D353A268-D8D7-4539-8CCE-7A10EFD0245D}.Debug|Any CPU.ActiveCfg = Debug|Any CPU
		{D353A268-D8D7-4539-8CCE-7A10EFD0245D}.Debug|Any CPU.Build.0 = Debug|Any CPU
		{D353A268-D8D7-4539-8CCE-7A10EFD0245D}.Release|Any CPU.ActiveCfg = Release|Any CPU
		{D353A268-D8D7-4539-8CCE-7A10EFD0245D}.Release|Any CPU.Build.0 = Release|Any CPU
		{F80C0BE2-7718-46DA-99CB-40A246A720E9}.Debug|Any CPU.ActiveCfg = Debug|Any CPU
		{F80C0BE2-7718-46DA-99CB-40A246A720E9}.Debug|Any CPU.Build.0 = Debug|Any CPU
		{F80C0BE2-7718-46DA-99CB-40A246A720E9}.Release|Any CPU.ActiveCfg = Release|Any CPU
		{F80C0BE2-7718-46DA-99CB-40A246A720E9}.Release|Any CPU.Build.0 = Release|Any CPU
	EndGlobalSection
	GlobalSection(SolutionProperties) = preSolution
		HideSolutionNode = FALSE
	EndGlobalSection
EndGlobal
